{
  "requires": true,
  "lockfileVersion": 1,
  "dependencies": {
    "memoize-one": {
      "version": "5.1.1",
      "resolved": "https://registry.npmjs.org/memoize-one/-/memoize-one-5.1.1.tgz",
      "integrity": "sha512-HKeeBpWvqiVJD57ZUAsJNm71eHTykffzcLZVYWiVfQeI1rJtuEaS7hQiEpWfVVk18donPwJEcFKIkCmPJNOhHA=="
    },
    "underscore": {
      "version": "1.11.0",
      "resolved": "https://registry.npmjs.org/underscore/-/underscore-1.11.0.tgz",
      "integrity": "sha512-xY96SsN3NA461qIRKZ/+qox37YXPtSBswMGfiNptr+wrt6ds4HaMw23TP612fEyGekRE6LNRiLYr/aqbHXNedw=="
    }
  }
}
